Microsoft Visual Studio Solution File, Format Version 12.00
# Visual Studio Version 17
VisualStudioVersion = 17.5.2.0
MinimumVisualStudioVersion = 10.0.40219.1
Project("{FAE04EC0-301F-11D3-BF4B-00C04F79EFBC}") = "Pentavocalica", "Pentavocalica.csproj", "{55BA613F-914F-C4AE-28CC-B2DD3FB7D7AB}"
EndProject
Global
	GlobalSection(SolutionConfigurationPlatforms) = preSolution
		Debug|Any CPU = Debug|Any CPU
		Release|Any CPU = Release|Any CPU
	EndGlobalSection
	GlobalSection(ProjectConfigurationPlatforms) = postSolution
		{55BA613F-914F-C4AE-28CC-B2DD3FB7D7AB}.Debug|Any CPU.ActiveCfg = Debug|Any CPU
		{55BA613F-914F-C4AE-28CC-B2DD3FB7D7AB}.Debug|Any CPU.Build.0 = Debug|Any CPU
		{55BA613F-914F-C4AE-28CC-B2DD3FB7D7AB}.Release|Any CPU.ActiveCfg = Release|Any CPU
		{55BA613F-914F-C4AE-28CC-B2DD3FB7D7AB}.Release|Any CPU.Build.0 = Release|Any CPU
	EndGlobalSection
	GlobalSection(SolutionProperties) = preSolution
		HideSolutionNode = FALSE
	EndGlobalSection
	GlobalSection(ExtensibilityGlobals) = postSolution
		SolutionGuid = {DC063D14-469D-4247-BECF-E63439027B48}
	EndGlobalSection
EndGlobal
